
Microsoft Visual Studio Solution File, Format Version 12.00
# Visual Studio Version 17
VisualStudioVersion = 17.3.32901.215
MinimumVisualStudioVersion = 10.0.40219.1
Project("{FAE04EC0-301F-11D3-BF4B-00C04F79EFBC}") = "AplicatieDocumente", "AplicatieDocumente\AplicatieDocumente.csproj", "{2B2B852C-54ED-46D7-9533-144D816B30EC}"
EndProject
Global
	GlobalSection(SolutionConfigurationPlatforms) = preSolution
		Debug|Any CPU = Debug|Any CPU
		Release|Any CPU = Release|Any CPU
	EndGlobalSection
	GlobalSection(ProjectConfigurationPlatforms) = postSolution
		{2B2B852C-54ED-46D7-9533-144D816B30EC}.Debug|Any CPU.ActiveCfg = Debug|Any CPU
		{2B2B852C-54ED-46D7-9533-144D816B30EC}.Debug|Any CPU.Build.0 = Debug|Any CPU
		{2B2B852C-54ED-46D7-9533-144D816B30EC}.Release|Any CPU.ActiveCfg = Release|Any CPU
		{2B2B852C-54ED-46D7-9533-144D816B30EC}.Release|Any CPU.Build.0 = Release|Any CPU
	EndGlobalSection
	GlobalSection(SolutionProperties) = preSolution
		HideSolutionNode = FALSE
	EndGlobalSection
	GlobalSection(ExtensibilityGlobals) = postSolution
		SolutionGuid = {E835F6DF-45DD-4803-8EA5-E10F54D1C6F3}
	EndGlobalSection
EndGlobal
